
Microsoft Visual Studio Solution File, Format Version 12.00
# Visual Studio Version 17
VisualStudioVersion = 17.14.36429.23 d17.14
MinimumVisualStudioVersion = 10.0.40219.1
Project("{FAE04EC0-301F-11D3-BF4B-00C04F79EFBC}") = "cv3", "cv3\cv3.csproj", "{63801AB7-4E7D-4804-8887-C7FF33FB58BB}"
EndProject
Global
	GlobalSection(SolutionConfigurationPlatforms) = preSolution
		Debug|Any CPU = Debug|Any CPU
		Release|Any CPU = Release|Any CPU
	EndGlobalSection
	GlobalSection(ProjectConfigurationPlatforms) = postSolution
		{63801AB7-4E7D-4804-8887-C7FF33FB58BB}.Debug|Any CPU.ActiveCfg = Debug|Any CPU
		{63801AB7-4E7D-4804-8887-C7FF33FB58BB}.Debug|Any CPU.Build.0 = Debug|Any CPU
		{63801AB7-4E7D-4804-8887-C7FF33FB58BB}.Release|Any CPU.ActiveCfg = Release|Any CPU
		{63801AB7-4E7D-4804-8887-C7FF33FB58BB}.Release|Any CPU.Build.0 = Release|Any CPU
	EndGlobalSection
	GlobalSection(SolutionProperties) = preSolution
		HideSolutionNode = FALSE
	EndGlobalSection
	GlobalSection(ExtensibilityGlobals) = postSolution
		SolutionGuid = {1FC1B5C7-B65D-4496-89A5-709B8375D284}
	EndGlobalSection
EndGlobal
