
Microsoft Visual Studio Solution File, Format Version 12.00
# Visual Studio Version 17
VisualStudioVersion = 17.14.36429.23 d17.14
MinimumVisualStudioVersion = 10.0.40219.1
Project("{FAE04EC0-301F-11D3-BF4B-00C04F79EFBC}") = "cv4", "cv4\cv4.csproj", "{A07A4402-BDD2-4142-B1E2-64E9DF961783}"
EndProject
Project("{FAE04EC0-301F-11D3-BF4B-00C04F79EFBC}") = "Database", "Database\Database.csproj", "{5C030297-E7D0-4ABA-8B8E-9787CA18B043}"
EndProject
Global
	GlobalSection(SolutionConfigurationPlatforms) = preSolution
		Debug|Any CPU = Debug|Any CPU
		Release|Any CPU = Release|Any CPU
	EndGlobalSection
	GlobalSection(ProjectConfigurationPlatforms) = postSolution
		{A07A4402-BDD2-4142-B1E2-64E9DF961783}.Debug|Any CPU.ActiveCfg = Debug|Any CPU
		{A07A4402-BDD2-4142-B1E2-64E9DF961783}.Debug|Any CPU.Build.0 = Debug|Any CPU
		{A07A4402-BDD2-4142-B1E2-64E9DF961783}.Release|Any CPU.ActiveCfg = Release|Any CPU
		{A07A4402-BDD2-4142-B1E2-64E9DF961783}.Release|Any CPU.Build.0 = Release|Any CPU
		{5C030297-E7D0-4ABA-8B8E-9787CA18B043}.Debug|Any CPU.ActiveCfg = Debug|Any CPU
		{5C030297-E7D0-4ABA-8B8E-9787CA18B043}.Debug|Any CPU.Build.0 = Debug|Any CPU
		{5C030297-E7D0-4ABA-8B8E-9787CA18B043}.Release|Any CPU.ActiveCfg = Release|Any CPU
		{5C030297-E7D0-4ABA-8B8E-9787CA18B043}.Release|Any CPU.Build.0 = Release|Any CPU
	EndGlobalSection
	GlobalSection(SolutionProperties) = preSolution
		HideSolutionNode = FALSE
	EndGlobalSection
	GlobalSection(ExtensibilityGlobals) = postSolution
		SolutionGuid = {9BCC9EB2-C7F2-497E-8292-18BFE6984218}
	EndGlobalSection
EndGlobal
